
Microsoft Visual Studio Solution File, Format Version 12.00
# Visual Studio 15
VisualStudioVersion = 15.0.28307.1209
MinimumVisualStudioVersion = 10.0.40219.1
Project("{FAE04EC0-301F-11D3-BF4B-00C04F79EFBC}") = "AngularChatApp20SepNight", "AngularChatApp20SepNight\AngularChatApp20SepNight.csproj", "{7C61520A-F874-4021-B8BA-8E24E048195B}"
EndProject
Global
	GlobalSection(SolutionConfigurationPlatforms) = preSolution
		Debug|Any CPU = Debug|Any CPU
		Release|Any CPU = Release|Any CPU
	EndGlobalSection
	GlobalSection(ProjectConfigurationPlatforms) = postSolution
		{7C61520A-F874-4021-B8BA-8E24E048195B}.Debug|Any CPU.ActiveCfg = Debug|Any CPU
		{7C61520A-F874-4021-B8BA-8E24E048195B}.Debug|Any CPU.Build.0 = Debug|Any CPU
		{7C61520A-F874-4021-B8BA-8E24E048195B}.Release|Any CPU.ActiveCfg = Release|Any CPU
		{7C61520A-F874-4021-B8BA-8E24E048195B}.Release|Any CPU.Build.0 = Release|Any CPU
	EndGlobalSection
	GlobalSection(SolutionProperties) = preSolution
		HideSolutionNode = FALSE
	EndGlobalSection
	GlobalSection(ExtensibilityGlobals) = postSolution
		SolutionGuid = {D1816CD8-2384-43DD-865B-A73DE2EF3D0A}
	EndGlobalSection
EndGlobal
